# THIS IS AN AUTOGENERATED FILE. DO NOT EDIT THIS FILE DIRECTLY.
# yarn lockfile v1


"@matter/general@0.15.6":
  version "0.15.6"
  resolved "https://registry.yarnpkg.com/@matter/general/-/general-0.15.6.tgz#ed018ee59cca48b1c8daf2d3b43d8423d799b7b5"
  integrity sha512-KhFUKNCD1F55Q1uvJbLpYAFHpAO5P24MWys8gWdNetm5UuzDoUIWhVMBxxHd+sAFFYIaNr8HlXdxJSKQSLC+ww==
  dependencies:
    "@noble/curves" "^1.9.5"

"@matter/main@0.15.6":
  version "0.15.6"
  resolved "https://registry.yarnpkg.com/@matter/main/-/main-0.15.6.tgz#adb877f02062c583a407a1f80fccb8c48c110a9e"
  integrity sha512-V9d8SMBJd66JLIGYCG695st2Q1eCwdzkkVwGwqnv2Fi/T4lovtWuKtRb2r5gvYj+cZ9vuLPmNSOWtAAXrTNJ1w==
  dependencies:
    "@matter/general" "0.15.6"
    "@matter/model" "0.15.6"
    "@matter/node" "0.15.6"
    "@matter/protocol" "0.15.6"
    "@matter/types" "0.15.6"
  optionalDependencies:
    "@matter/nodejs" "0.15.6"

"@matter/model@0.15.6":
  version "0.15.6"
  resolved "https://registry.yarnpkg.com/@matter/model/-/model-0.15.6.tgz#ca6757d3c5217bd8d203254b328ea7bdbe3f5116"
  integrity sha512-WrbQE1EBgITpG64zEjTtTeyA4VEtFEbZyKpjKiKKJ2+1Z5cABTYO7xAOAjO1QsiZn9O1nlsL479weVfBiehByg==
  dependencies:
    "@matter/general" "0.15.6"

"@matter/node@0.15.6":
  version "0.15.6"
  resolved "https://registry.yarnpkg.com/@matter/node/-/node-0.15.6.tgz#546ab05b3c624798a67d25ed4966277998cffa23"
  integrity sha512-AtGbcBoNKlV3lYo3xg08zkn5uIvAjwoASulEfP8ZjKKLn6H6a3OLN8NPQGX+MeAWyVRgw5lqHwW4SPcBF8YAVQ==
  dependencies:
    "@matter/general" "0.15.6"
    "@matter/model" "0.15.6"
    "@matter/protocol" "0.15.6"
    "@matter/types" "0.15.6"

"@matter/nodejs@0.15.6":
  version "0.15.6"
  resolved "https://registry.yarnpkg.com/@matter/nodejs/-/nodejs-0.15.6.tgz#a568f3549e91c58e0ba811dfc73bfe3527bc2e52"
  integrity sha512-qkmnWRVLgj4dvYC6B3AxTR3TOylptZKc6cPhJix3m7VrxmI0mSv4mQ1iU8wCecpMeTi03RINDyA94ZA4UFDvtw==
  dependencies:
    "@matter/general" "0.15.6"
    "@matter/node" "0.15.6"
    "@matter/protocol" "0.15.6"
    "@matter/types" "0.15.6"

"@matter/protocol@0.15.6":
  version "0.15.6"
  resolved "https://registry.yarnpkg.com/@matter/protocol/-/protocol-0.15.6.tgz#e2644d26f04dbc888e0ae91d729c82b7b52eefa9"
  integrity sha512-oU+6zBMZuRf7f7srDT769G6hBS1Wvwa30VUNTXJvh1+vf4Apl9Ys6vealJLjU61SwE6ucarxZ+P5U2pDnK6RDw==
  dependencies:
    "@matter/general" "0.15.6"
    "@matter/model" "0.15.6"
    "@matter/types" "0.15.6"

"@matter/types@0.15.6":
  version "0.15.6"
  resolved "https://registry.yarnpkg.com/@matter/types/-/types-0.15.6.tgz#c83fcae7fe2d7092a8e82b4c5c5fd11bae4f2770"
  integrity sha512-vjVBKCTui4+v0hRF+jN+el6HU5hpxsRiChQaXaLFqxKthzn3ec7tamyfJjNKRKzWPUcpZGdcBJ+yTD2K0P423g==
  dependencies:
    "@matter/general" "0.15.6"
    "@matter/model" "0.15.6"

"@noble/curves@^1.9.5":
  version "1.9.7"
  resolved "https://registry.yarnpkg.com/@noble/curves/-/curves-1.9.7.tgz#79d04b4758a43e4bca2cbdc62e7771352fa6b951"
  integrity sha512-gbKGcRUYIjA3/zCCNaWDciTMFI0dCkvou3TL8Zmy5Nc7sJ47a0jtOeZoTaMxkuqRo9cRhjOdZJXegxYE5FN/xw==
  dependencies:
    "@noble/hashes" "1.8.0"

"@noble/hashes@1.8.0":
  version "1.8.0"
  resolved "https://registry.yarnpkg.com/@noble/hashes/-/hashes-1.8.0.tgz#cee43d801fcef9644b11b8194857695acd5f815a"
  integrity sha512-jCs9ldd7NwzpgXDIf6P3+NrHh9/sD6CQdxHyjQI+h/6rDNo88ypBxxz45UDuZHz9r3tNz7N/VInSVoVdtXEI4A==

"@types/node@^24.1.0":
  version "24.10.1"
  resolved "https://registry.yarnpkg.com/@types/node/-/node-24.10.1.tgz#91e92182c93db8bd6224fca031e2370cef9a8f01"
  integrity sha512-GNWcUTRBgIRJD5zj+Tq0fKOJ5XZajIiBroOF0yvj2bSU1WvNdYS/dn9UxwsujGW4JX06dnHyjV2y9rRaybH0iQ==
  dependencies:
    undici-types "~7.16.0"

http@^0.0.1-security:
  version "0.0.1-security"
  resolved "https://registry.yarnpkg.com/http/-/http-0.0.1-security.tgz#3aac09129d12dc2747bbce4157afde20ad1f7995"
  integrity sha512-RnDvP10Ty9FxqOtPZuxtebw1j4L/WiqNMDtuc1YMH1XQm5TgDRaR1G9u8upL6KD1bXHSp9eSXo/ED+8Q7FAr+g==

typescript@~5.8.3:
  version "5.8.3"
  resolved "https://registry.yarnpkg.com/typescript/-/typescript-5.8.3.tgz#92f8a3e5e3cf497356f4178c34cd65a7f5e8440e"
  integrity sha512-p1diW6TqL9L07nNxvRMM7hMMw4c5XOo/1ibL4aAIGmSAt9slTE1Xgw5KWuof2uTOvCg9BY7ZRi+GaF+7sfgPeQ==

undici-types@~7.16.0:
  version "7.16.0"
  resolved "https://registry.yarnpkg.com/undici-types/-/undici-types-7.16.0.tgz#ffccdff36aea4884cbfce9a750a0580224f58a46"
  integrity sha512-Zz+aZWSj8LE6zoxD+xrjh4VfkIG8Ya6LvYkZqtUQGJPZjYl53ypCaUwWqo7eI0x66KBGeRo+mlBEkMSeSZ38Nw==
